<?xml version="1.0" encoding="utf-8"?>
<Project ToolsVersion="4.0" xmlns="http://schemas.microsoft.com/developer/msbuild/2003">
  <ItemGroup>
    <Filter Include="Source Files">
      <UniqueIdentifier>{0e3c97ef-c40e-4eb1-9266-8c7409450ae9}</UniqueIdentifier>
      <Extensions>cpp,c</Extensions>
    </Filter>
    <Filter Include="Header Files">
      <UniqueIdentifier>{32660c94-6caf-45fa-86ba-c3b9af73cb8d}</UniqueIdentifier>
      <Extensions>h</Extensions>
    </Filter>
    <Filter Include="Other Files">
      <UniqueIdentifier>{70a233ab-88c1-492d-b19a-70ce346aa27b}</UniqueIdentifier>
    </Filter>
  </ItemGroup>
  <ItemGroup>
    <ClCompile Include="AudioTransformFrame.cpp">
      <Filter>Source Files</Filter>
    </ClCompile>
    <ClCompile Include="AudioTransformFrameProp.cpp">
      <Filter>Source Files</Filter>
    </ClCompile>
  </ItemGroup>
  <ItemGroup>
    <None Include="AudioTransformFrame.def">
      <Filter>Source Files</Filter>
    </None>
    <None Include="readme.txt">
      <Filter>Other Files</Filter>
    </None>
  </ItemGroup>
  <ItemGroup>
    <ResourceCompile Include="AudioTransformFrame.rc">
      <Filter>Source Files</Filter>
    </ResourceCompile>
  </ItemGroup>
  <ItemGroup>
    <ClInclude Include="AudioTransformFrame.h">
      <Filter>Header Files</Filter>
    </ClInclude>
    <ClInclude Include="AudioTransformFrameProp.h">
      <Filter>Header Files</Filter>
    </ClInclude>
    <ClInclude Include="iAudioTransformFrame.h">
      <Filter>Header Files</Filter>
    </ClInclude>
    <ClInclude Include="resource.h">
      <Filter>Header Files</Filter>
    </ClInclude>
  </ItemGroup>
</Project>